
Microsoft Visual Studio Solution File, Format Version 12.00
# Visual Studio 15
VisualStudioVersion = 15.0.27703.2042
MinimumVisualStudioVersion = 10.0.40219.1
Project("{F184B08F-C81C-45F6-A57F-5ABD9991F28F}") = "cleanmgr.exe", "cleanmgr.exe\cleanmgr.exe.vbproj", "{0D1696CD-2D71-4860-9183-35779B644057}"
EndProject
Global
	GlobalSection(SolutionConfigurationPlatforms) = preSolution
		Debug|Any CPU = Debug|Any CPU
		Release|Any CPU = Release|Any CPU
	EndGlobalSection
	GlobalSection(ProjectConfigurationPlatforms) = postSolution
		{0D1696CD-2D71-4860-9183-35779B644057}.Debug|Any CPU.ActiveCfg = Debug|Any CPU
		{0D1696CD-2D71-4860-9183-35779B644057}.Debug|Any CPU.Build.0 = Debug|Any CPU
		{0D1696CD-2D71-4860-9183-35779B644057}.Release|Any CPU.ActiveCfg = Release|Any CPU
		{0D1696CD-2D71-4860-9183-35779B644057}.Release|Any CPU.Build.0 = Release|Any CPU
	EndGlobalSection
	GlobalSection(SolutionProperties) = preSolution
		HideSolutionNode = FALSE
	EndGlobalSection
	GlobalSection(ExtensibilityGlobals) = postSolution
		SolutionGuid = {C2AFBC39-CC2F-461B-924E-66748E223836}
	EndGlobalSection
EndGlobal
